
Microsoft Visual Studio Solution File, Format Version 12.00
# Visual Studio 15
VisualStudioVersion = 15.0.27428.2037
MinimumVisualStudioVersion = 10.0.40219.1
Project("{9A19103F-16F7-4668-BE54-9A1E7A4F7556}") = "ElenCensus", "ElenCensus\ElenCensus.csproj", "{47B9760D-255A-43ED-9180-CB7CE182007D}"
EndProject
Project("{888888A0-9F3D-457C-B088-3A5042F75D52}") = "DataAnalytica", "Python\DataAnalytica.pyproj", "{9EECB38F-A11C-4424-9652-818B86E87B4F}"
EndProject
Global
	GlobalSection(SolutionConfigurationPlatforms) = preSolution
		Debug|Any CPU = Debug|Any CPU
		Release|Any CPU = Release|Any CPU
	EndGlobalSection
	GlobalSection(ProjectConfigurationPlatforms) = postSolution
		{47B9760D-255A-43ED-9180-CB7CE182007D}.Debug|Any CPU.ActiveCfg = Debug|Any CPU
		{47B9760D-255A-43ED-9180-CB7CE182007D}.Debug|Any CPU.Build.0 = Debug|Any CPU
		{47B9760D-255A-43ED-9180-CB7CE182007D}.Release|Any CPU.ActiveCfg = Release|Any CPU
		{47B9760D-255A-43ED-9180-CB7CE182007D}.Release|Any CPU.Build.0 = Release|Any CPU
		{9EECB38F-A11C-4424-9652-818B86E87B4F}.Debug|Any CPU.ActiveCfg = Debug|Any CPU
		{9EECB38F-A11C-4424-9652-818B86E87B4F}.Release|Any CPU.ActiveCfg = Release|Any CPU
	EndGlobalSection
	GlobalSection(SolutionProperties) = preSolution
		HideSolutionNode = FALSE
	EndGlobalSection
	GlobalSection(ExtensibilityGlobals) = postSolution
		SolutionGuid = {0DA8B33B-0A7A-4EB2-BF38-95CBB288DF9A}
	EndGlobalSection
EndGlobal
